// !$*UTF8*$!
{
	archiveVersion = 1;
	classes = {
	};
	objectVersion = 55;
	objects = {

/* Begin PBXBuildFile section */
		4F5C1DDA2804900500D77922 /* AppDelegate.swift in Sources */ = {isa = PBXBuildFile; fileRef = 4F5C1DD92804900500D77922 /* AppDelegate.swift */; };
		4F5C1DDC2804900500D77922 /* SceneDelegate.swift in Sources */ = {isa = PBXBuildFile; fileRef = 4F5C1DDB2804900500D77922 /* SceneDelegate.swift */; };
		4F5C1DDE2804900500D77922 /* ViewController.swift in Sources */ = {isa = PBXBuildFile; fileRef = 4F5C1DDD2804900500D77922 /* ViewController.swift */; };
		4F5C1DE12804900500D77922 /* Main.storyboard in Resources */ = {isa = PBXBuildFile; fileRef = 4F5C1DDF2804900500D77922 /* Main.storyboard */; };
		4F5C1DE32804900600D77922 /* Assets.xcassets in Resources */ = {isa = PBXBuildFile; fileRef = 4F5C1DE22804900600D77922 /* Assets.xcassets */; };
		4F5C1DE62804900600D77922 /* LaunchScreen.storyboard in Resources */ = {isa = PBXBuildFile; fileRef = 4F5C1DE42804900600D77922 /* LaunchScreen.storyboard */; };
		4FA3243D28184983000872B3 /* SquareView.swift in Sources */ = {isa = PBXBuildFile; fileRef = 4FA3243C28184983000872B3 /* SquareView.swift */; };
		4FF8CD962805D94B007A6E5B /* RectView.swift in Sources */ = {isa = PBXBuildFile; fileRef = 4FF8CD952805D94B007A6E5B /* RectView.swift */; };
/* End PBXBuildFile section */

/* Begin PBXFileReference section */
		4F5C1DD62804900500D77922 /* ZionHomeScreenLookAlike.app */ = {isa = PBXFileReference; explicitFileType = wrapper.application; includeInIndex = 0; path = ZionHomeScreenLookAlike.app; sourceTree = BUILT_PRODUCTS_DIR; };
		4F5C1DD92804900500D77922 /* AppDelegate.swift */ = {isa = PBXFileReference; lastKnownFileType = sourcecode.swift; path = AppDelegate.swift; sourceTree = "<group>"; };
		4F5C1DDB2804900500D77922 /* SceneDelegate.swift */ = {isa = PBXFileReference; lastKnownFileType = sourcecode.swift; path = SceneDelegate.swift; sourceTree = "<group>"; };
		4F5C1DDD2804900500D77922 /* ViewController.swift */ = {isa = PBXFileReference; lastKnownFileType = sourcecode.swift; path = ViewController.swift; sourceTree = "<group>"; };
		4F5C1DE02804900500D77922 /* Base */ = {isa = PBXFileReference; lastKnownFileType = file.storyboard; name = Base; path = Base.lproj/Main.storyboard; sourceTree = "<group>"; };
		4F5C1DE22804900600D77922 /* Assets.xcassets */ = {isa = PBXFileReference; lastKnownFileType = folder.assetcatalog; path = Assets.xcassets; sourceTree = "<group>"; };
		4F5C1DE52804900600D77922 /* Base */ = {isa = PBXFileReference; lastKnownFileType = file.storyboard; name = Base; path = Base.lproj/LaunchScreen.storyboard; sourceTree = "<group>"; };
		4F5C1DE72804900600D77922 /* Info.plist */ = {isa = PBXFileReference; lastKnownFileType = text.plist.xml; path = Info.plist; sourceTree = "<group>"; };
		4FA3243C28184983000872B3 /* SquareView.swift */ = {isa = PBXFileReference; lastKnownFileType = sourcecode.swift; path = SquareView.swift; sourceTree = "<group>"; };
		4FF8CD952805D94B007A6E5B /* RectView.swift */ = {isa = PBXFileReference; lastKnownFileType = sourcecode.swift; path = RectView.swift; sourceTree = "<group>"; };
/* End PBXFileReference section */

/* Begin PBXFrameworksBuildPhase section */
		4F5C1DD32804900500D77922 /* Frameworks */ = {
			isa = PBXFrameworksBuildPhase;
			buildActionMask = 2147483647;
			files = (
			);
			runOnlyForDeploymentPostprocessing = 0;
		};
/* End PBXFrameworksBuildPhase section */

/* Begin PBXGroup section */
		4F5C1DCD2804900500D77922 = {
			isa = PBXGroup;
			children = (
				4F5C1DD82804900500D77922 /* ZionHomeScreenLookAlike */,
				4F5C1DD72804900500D77922 /* Products */,
			);
			sourceTree = "<group>";
		};
		4F5C1DD72804900500D77922 /* Products */ = {
			isa = PBXGroup;
			children = (
				4F5C1DD62804900500D77922 /* ZionHomeScreenLookAlike.app */,
			);
			name = Products;
			sourceTree = "<group>";
		};
		4F5C1DD82804900500D77922 /* ZionHomeScreenLookAlike */ = {
			isa = PBXGroup;
			children = (
				4FF8CD952805D94B007A6E5B /* RectView.swift */,
				4FA3243C28184983000872B3 /* SquareView.swift */,
				4F5C1DD92804900500D77922 /* AppDelegate.swift */,
				4F5C1DDB2804900500D77922 /* SceneDelegate.swift */,
				4F5C1DDD2804900500D77922 /* ViewController.swift */,
				4F5C1DDF2804900500D77922 /* Main.storyboard */,
				4F5C1DE22804900600D77922 /* Assets.xcassets */,
				4F5C1DE42804900600D77922 /* LaunchScreen.storyboard */,
				4F5C1DE72804900600D77922 /* Info.plist */,
			);
			path = ZionHomeScreenLookAlike;
			sourceTree = "<group>";
		};
/* End PBXGroup section */

/* Begin PBXNativeTarget section */
		4F5C1DD52804900500D77922 /* ZionHomeScreenLookAlike */ = {
			isa = PBXNativeTarget;
			buildConfigurationList = 4F5C1DEA2804900600D77922 /* Build configuration list for PBXNativeTarget "ZionHomeScreenLookAlike" */;
			buildPhases = (
				4F5C1DD22804900500D77922 /* Sources */,
				4F5C1DD32804900500D77922 /* Frameworks */,
				4F5C1DD42804900500D77922 /* Resources */,
			);
			buildRules = (
			);
			dependencies = (
			);
			name = ZionHomeScreenLookAlike;
			productName = ZionHomeScreenLookAlike;
			productReference = 4F5C1DD62804900500D77922 /* ZionHomeScreenLookAlike.app */;
			productType = "com.apple.product-type.application";
		};
/* End PBXNativeTarget section */

/* Begin PBXProject section */
		4F5C1DCE2804900500D77922 /* Project object */ = {
			isa = PBXProject;
			attributes = {
				BuildIndependentTargetsInParallel = 1;
				LastSwiftUpdateCheck = 1330;
				LastUpgradeCheck = 1330;
				TargetAttributes = {
					4F5C1DD52804900500D77922 = {
						CreatedOnToolsVersion = 13.3;
					};
				};
			};
			buildConfigurationList = 4F5C1DD12804900500D77922 /* Build configuration list for PBXProject "ZionHomeScreenLookAlike" */;
			compatibilityVersion = "Xcode 13.0";
			developmentRegion = en;
			hasScannedForEncodings = 0;
			knownRegions = (
				en,
				Base,
			);
			mainGroup = 4F5C1DCD2804900500D77922;
			productRefGroup = 4F5C1DD72804900500D77922 /* Products */;
			projectDirPath = "";
			projectRoot = "";
			targets = (
				4F5C1DD52804900500D77922 /* ZionHomeScreenLookAlike */,
			);
		};
/* End PBXProject section */

/* Begin PBXResourcesBuildPhase section */
		4F5C1DD42804900500D77922 /* Resources */ = {
			isa = PBXResourcesBuildPhase;
			buildActionMask = 2147483647;
			files = (
				4F5C1DE62804900600D77922 /* LaunchScreen.storyboard in Resources */,
				4F5C1DE32804900600D77922 /* Assets.xcassets in Resources */,
				4F5C1DE12804900500D77922 /* Main.storyboard in Resources */,
			);
			runOnlyForDeploymentPostprocessing = 0;
		};
/* End PBXResourcesBuildPhase section */

/* Begin PBXSourcesBuildPhase section */
		4F5C1DD22804900500D77922 /* Sources */ = {
			isa = PBXSourcesBuildPhase;
			buildActionMask = 2147483647;
			files = (
				4FA3243D28184983000872B3 /* SquareView.swift in Sources */,
				4F5C1DDE2804900500D77922 /* ViewController.swift in Sources */,
				4F5C1DDA2804900500D77922 /* AppDelegate.swift in Sources */,
				4F5C1DDC2804900500D77922 /* SceneDelegate.swift in Sources */,
				4FF8CD962805D94B007A6E5B /* RectView.swift in Sources */,
			);
			runOnlyForDeploymentPostprocessing = 0;
		};
/* End PBXSourcesBuildPhase section */

/* Begin PBXVariantGroup section */
		4F5C1DDF2804900500D77922 /* Main.storyboard */ = {
			isa = PBXVariantGroup;
			children = (
				4F5C1DE02804900500D77922 /* Base */,
			);
			name = Main.storyboard;
			sourceTree = "<group>";
		};
		4F5C1DE42804900600D77922 /* LaunchScreen.storyboard */ = {
			isa = PBXVariantGroup;
			children = (
				4F5C1DE52804900600D77922 /* Base */,
			);
			name = LaunchScreen.storyboard;
			sourceTree = "<group>";
		};
/* End PBXVariantGroup section */

/* Begin XCBuildConfiguration section */
		4F5C1DE82804900600D77922 /* Debug */ = {
			isa = XCBuildConfiguration;
			buildSettings = {
				ALWAYS_SEARCH_USER_PATHS = NO;
				CLANG_ANALYZER_NONNULL = YES;
				CLANG_ANALYZER_NUMBER_OBJECT_CONVERSION = YES_AGGRESSIVE;
				CLANG_CXX_LANGUAGE_STANDARD = "gnu++17";
				CLANG_ENABLE_MODULES = YES;
				CLANG_ENABLE_OBJC_ARC = YES;
				CLANG_ENABLE_OBJC_WEAK = YES;
				CLANG_WARN_BLOCK_CAPTURE_AUTORELEASING = YES;
				CLANG_WARN_BOOL_CONVERSION = YES;
				CLANG_WARN_COMMA = YES;
				CLANG_WARN_CONSTANT_CONVERSION = YES;
				CLANG_WARN_DEPRECATED_OBJC_IMPLEMENTATIONS = YES;
				CLANG_WARN_DIRECT_OBJC_ISA_USAGE = YES_ERROR;
				CLANG_WARN_DOCUMENTATION_COMMENTS = YES;
				CLANG_WARN_EMPTY_BODY = YES;
				CLANG_WARN_ENUM_CONVERSION = YES;
				CLANG_WARN_INFINITE_RECURSION = YES;
				CLANG_WARN_INT_CONVERSION = YES;
				CLANG_WARN_NON_LITERAL_NULL_CONVERSION = YES;
				CLANG_WARN_OBJC_IMPLICIT_RETAIN_SELF = YES;
				CLANG_WARN_OBJC_LITERAL_CONVERSION = YES;
				CLANG_WARN_OBJC_ROOT_CLASS = YES_ERROR;
				CLANG_WARN_QUOTED_INCLUDE_IN_FRAMEWORK_HEADER = YES;
				CLANG_WARN_RANGE_LOOP_ANALYSIS = YES;
				CLANG_WARN_STRICT_PROTOTYPES = YES;
				CLANG_WARN_SUSPICIOUS_MOVE = YES;
				CLANG_WARN_UNGUARDED_AVAILABILITY = YES_AGGRESSIVE;
				CLANG_WARN_UNREACHABLE_CODE = YES;
				CLANG_WARN__DUPLICATE_METHOD_MATCH = YES;
				COPY_PHASE_STRIP = NO;
				DEBUG_INFORMATION_FORMAT = dwarf;
				ENABLE_STRICT_OBJC_MSGSEND = YES;
				ENABLE_TESTABILITY = YES;
				GCC_C_LANGUAGE_STANDARD = gnu11;
				GCC_DYNAMIC_NO_PIC = NO;
				GCC_NO_COMMON_BLOCKS = YES;
				GCC_OPTIMIZATION_LEVEL = 0;
				GCC_PREPROCESSOR_DEFINITIONS = (
					"DEBUG=1",
					"$(inherited)",
				);
				GCC_WARN_64_TO_32_BIT_CONVERSION = YES;
				GCC_WARN_ABOUT_RETURN_TYPE = YES_ERROR;
				GCC_WARN_UNDECLARED_SELECTOR = YES;
				GCC_WARN_UNINITIALIZED_AUTOS = YES_AGGRESSIVE;
				GCC_WARN_UNUSED_FUNCTION = YES;
				GCC_WARN_UNUSED_VARIABLE = YES;
				IPHONEOS_DEPLOYMENT_TARGET = 15.4;
				MTL_ENABLE_DEBUG_INFO = INCLUDE_SOURCE;
				MTL_FAST_MATH = YES;
				ONLY_ACTIVE_ARCH = YES;
				SDKROOT = iphoneos;
				SWIFT_ACTIVE_COMPILATION_CONDITIONS = DEBUG;
				SWIFT_OPTIMIZATION_LEVEL = "-Onone";
			};
			name = Debug;
		};
		4F5C1DE92804900600D77922 /* Release */ = {
			isa = XCBuildConfiguration;
			buildSettings = {
				ALWAYS_SEARCH_USER_PATHS = NO;
				CLANG_ANALYZER_NONNULL = YES;
				CLANG_ANALYZER_NUMBER_OBJECT_CONVERSION = YES_AGGRESSIVE;
				CLANG_CXX_LANGUAGE_STANDARD = "gnu++17";
				CLANG_ENABLE_MODULES = YES;
				CLANG_ENABLE_OBJC_ARC = YES;
				CLANG_ENABLE_OBJC_WEAK = YES;
				CLANG_WARN_BLOCK_CAPTURE_AUTORELEASING = YES;
				CLANG_WARN_BOOL_CONVERSION = YES;
				CLANG_WARN_COMMA = YES;
				CLANG_WARN_CONSTANT_CONVERSION = YES;
				CLANG_WARN_DEPRECATED_OBJC_IMPLEMENTATIONS = YES;
				CLANG_WARN_DIRECT_OBJC_ISA_USAGE = YES_ERROR;
				CLANG_WARN_DOCUMENTATION_COMMENTS = YES;
				CLANG_WARN_EMPTY_BODY = YES;
				CLANG_WARN_ENUM_CONVERSION = YES;
				CLANG_WARN_INFINITE_RECURSION = YES;
				CLANG_WARN_INT_CONVERSION = YES;
				CLANG_WARN_NON_LITERAL_NULL_CONVERSION = YES;
				CLANG_WARN_OBJC_IMPLICIT_RETAIN_SELF = YES;
				CLANG_WARN_OBJC_LITERAL_CONVERSION = YES;
				CLANG_WARN_OBJC_ROOT_CLASS = YES_ERROR;
				CLANG_WARN_QUOTED_INCLUDE_IN_FRAMEWORK_HEADER = YES;
				CLANG_WARN_RANGE_LOOP_ANALYSIS = YES;
				CLANG_WARN_STRICT_PROTOTYPES = YES;
				CLANG_WARN_SUSPICIOUS_MOVE = YES;
				CLANG_WARN_UNGUARDED_AVAILABILITY = YES_AGGRESSIVE;
				CLANG_WARN_UNREACHABLE_CODE = YES;
				CLANG_WARN__DUPLICATE_METHOD_MATCH = YES;
				COPY_PHASE_STRIP = NO;
				DEBUG_INFORMATION_FORMAT = "dwarf-with-dsym";
				ENABLE_NS_ASSERTIONS = NO;
				ENABLE_STRICT_OBJC_MSGSEND = YES;
				GCC_C_LANGUAGE_STANDARD = gnu11;
				GCC_NO_COMMON_BLOCKS = YES;
				GCC_WARN_64_TO_32_BIT_CONVERSION = YES;
				GCC_WARN_ABOUT_RETURN_TYPE = YES_ERROR;
				GCC_WARN_UNDECLARED_SELECTOR = YES;
				GCC_WARN_UNINITIALIZED_AUTOS = YES_AGGRESSIVE;
				GCC_WARN_UNUSED_FUNCTION = YES;
				GCC_WARN_UNUSED_VARIABLE = YES;
				IPHONEOS_DEPLOYMENT_TARGET = 15.4;
				MTL_ENABLE_DEBUG_INFO = NO;
				MTL_FAST_MATH = YES;
				SDKROOT = iphoneos;
				SWIFT_COMPILATION_MODE = wholemodule;
				SWIFT_OPTIMIZATION_LEVEL = "-O";
				VALIDATE_PRODUCT = YES;
			};
			name = Release;
		};
		4F5C1DEB2804900600D77922 /* Debug */ = {
			isa = XCBuildConfiguration;
			buildSettings = {
				ASSETCATALOG_COMPILER_APPICON_NAME = AppIcon;
				ASSETCATALOG_COMPILER_GLOBAL_ACCENT_COLOR_NAME = AccentColor;
				CODE_SIGN_STYLE = Automatic;
				CURRENT_PROJECT_VERSION = 1;
				DEVELOPMENT_TEAM = S7DK3A6HH3;
				GENERATE_INFOPLIST_FILE = YES;
				INFOPLIST_FILE = ZionHomeScreenLookAlike/Info.plist;
				INFOPLIST_KEY_CFBundleDisplayName = ZionHomeScreenLookAlike;
				INFOPLIST_KEY_UIApplicationSupportsIndirectInputEvents = YES;
				INFOPLIST_KEY_UILaunchStoryboardName = LaunchScreen;
				INFOPLIST_KEY_UIMainStoryboardFile = Main;
				INFOPLIST_KEY_UISupportedInterfaceOrientations_iPad = "UIInterfaceOrientationPortrait UIInterfaceOrientationPortraitUpsideDown UIInterfaceOrientationLandscapeLeft UIInterfaceOrientationLandscapeRight";
				INFOPLIST_KEY_UISupportedInterfaceOrientations_iPhone = "UIInterfaceOrientationPortrait UIInterfaceOrientationLandscapeLeft UIInterfaceOrientationLandscapeRight";
				LD_RUNPATH_SEARCH_PATHS = (
					"$(inherited)",
					"@executable_path/Frameworks",
				);
				MARKETING_VERSION = 1.0;
				PRODUCT_BUNDLE_IDENTIFIER = edu.dixietech.rhettl.ZionHomeScreenLookAlike;
				PRODUCT_NAME = "$(TARGET_NAME)";
				SWIFT_EMIT_LOC_STRINGS = YES;
				SWIFT_VERSION = 5.0;
				TARGETED_DEVICE_FAMILY = "1,2";
			};
			name = Debug;
		};
		4F5C1DEC2804900600D77922 /* Release */ = {
			isa = XCBuildConfiguration;
			buildSettings = {
				ASSETCATALOG_COMPILER_APPICON_NAME = AppIcon;
				ASSETCATALOG_COMPILER_GLOBAL_ACCENT_COLOR_NAME = AccentColor;
				CODE_SIGN_STYLE = Automatic;
				CURRENT_PROJECT_VERSION = 1;
				DEVELOPMENT_TEAM = S7DK3A6HH3;
				GENERATE_INFOPLIST_FILE = YES;
				INFOPLIST_FILE = ZionHomeScreenLookAlike/Info.plist;
				INFOPLIST_KEY_CFBundleDisplayName = ZionHomeScreenLookAlike;
				INFOPLIST_KEY_UIApplicationSupportsIndirectInputEvents = YES;
				INFOPLIST_KEY_UILaunchStoryboardName = LaunchScreen;
				INFOPLIST_KEY_UIMainStoryboardFile = Main;
				INFOPLIST_KEY_UISupportedInterfaceOrientations_iPad = "UIInterfaceOrientationPortrait UIInterfaceOrientationPortraitUpsideDown UIInterfaceOrientationLandscapeLeft UIInterfaceOrientationLandscapeRight";
				INFOPLIST_KEY_UISupportedInterfaceOrientations_iPhone = "UIInterfaceOrientationPortrait UIInterfaceOrientationLandscapeLeft UIInterfaceOrientationLandscapeRight";
				LD_RUNPATH_SEARCH_PATHS = (
					"$(inherited)",
					"@executable_path/Frameworks",
				);
				MARKETING_VERSION = 1.0;
				PRODUCT_BUNDLE_IDENTIFIER = edu.dixietech.rhettl.ZionHomeScreenLookAlike;
				PRODUCT_NAME = "$(TARGET_NAME)";
				SWIFT_EMIT_LOC_STRINGS = YES;
				SWIFT_VERSION = 5.0;
				TARGETED_DEVICE_FAMILY = "1,2";
			};
			name = Release;
		};
/* End XCBuildConfiguration section */

/* Begin XCConfigurationList section */
		4F5C1DD12804900500D77922 /* Build configuration list for PBXProject "ZionHomeScreenLookAlike" */ = {
			isa = XCConfigurationList;
			buildConfigurations = (
				4F5C1DE82804900600D77922 /* Debug */,
				4F5C1DE92804900600D77922 /* Release */,
			);
			defaultConfigurationIsVisible = 0;
			defaultConfigurationName = Release;
		};
		4F5C1DEA2804900600D77922 /* Build configuration list for PBXNativeTarget "ZionHomeScreenLookAlike" */ = {
			isa = XCConfigurationList;
			buildConfigurations = (
				4F5C1DEB2804900600D77922 /* Debug */,
				4F5C1DEC2804900600D77922 /* Release */,
			);
			defaultConfigurationIsVisible = 0;
			defaultConfigurationName = Release;
		};
/* End XCConfigurationList section */
	};
	rootObject = 4F5C1DCE2804900500D77922 /* Project object */;
}
